
Microsoft Visual Studio Solution File, Format Version 12.00
# Visual Studio Version 17
VisualStudioVersion = 17.13.35806.99 d17.13
MinimumVisualStudioVersion = 10.0.40219.1
Project("{FAE04EC0-301F-11D3-BF4B-00C04F79EFBC}") = "EnigmaVig", "EnigmaVig\EnigmaVig.csproj", "{D9EA37E0-F81F-4E49-9A83-A31FA9C06716}"
EndProject
Global
	GlobalSection(SolutionConfigurationPlatforms) = preSolution
		Debug|Any CPU = Debug|Any CPU
		Release|Any CPU = Release|Any CPU
	EndGlobalSection
	GlobalSection(ProjectConfigurationPlatforms) = postSolution
		{D9EA37E0-F81F-4E49-9A83-A31FA9C06716}.Debug|Any CPU.ActiveCfg = Debug|Any CPU
		{D9EA37E0-F81F-4E49-9A83-A31FA9C06716}.Debug|Any CPU.Build.0 = Debug|Any CPU
		{D9EA37E0-F81F-4E49-9A83-A31FA9C06716}.Release|Any CPU.ActiveCfg = Release|Any CPU
		{D9EA37E0-F81F-4E49-9A83-A31FA9C06716}.Release|Any CPU.Build.0 = Release|Any CPU
	EndGlobalSection
	GlobalSection(SolutionProperties) = preSolution
		HideSolutionNode = FALSE
	EndGlobalSection
	GlobalSection(ExtensibilityGlobals) = postSolution
		SolutionGuid = {BA7D4530-F32B-4D65-9B5F-EB8A557C1429}
	EndGlobalSection
EndGlobal
